// !$*UTF8*$!
{
	archiveVersion = 1;
	classes = {
	};
	objectVersion = 56;
	objects = {

/* Begin PBXBuildFile section */
		EA0782622978EFE50091F87E /* AppDelegate.swift in Sources */ = {isa = PBXBuildFile; fileRef = EA0782612978EFE50091F87E /* AppDelegate.swift */; };
		EA0782642978EFE50091F87E /* ViewController.swift in Sources */ = {isa = PBXBuildFile; fileRef = EA0782632978EFE50091F87E /* ViewController.swift */; };
		EA0782672978EFE50091F87E /* ScreenTracker.xcdatamodeld in Sources */ = {isa = PBXBuildFile; fileRef = EA0782652978EFE50091F87E /* ScreenTracker.xcdatamodeld */; };
		EA0782692978EFE80091F87E /* Assets.xcassets in Resources */ = {isa = PBXBuildFile; fileRef = EA0782682978EFE80091F87E /* Assets.xcassets */; };
		EA07826C2978EFE80091F87E /* Main.storyboard in Resources */ = {isa = PBXBuildFile; fileRef = EA07826A2978EFE80091F87E /* Main.storyboard */; };
		EA0782772978EFE80091F87E /* ScreenTrackerTests.swift in Sources */ = {isa = PBXBuildFile; fileRef = EA0782762978EFE80091F87E /* ScreenTrackerTests.swift */; };
		EA0782812978EFE80091F87E /* ScreenTrackerUITests.swift in Sources */ = {isa = PBXBuildFile; fileRef = EA0782802978EFE80091F87E /* ScreenTrackerUITests.swift */; };
		EA0782832978EFE80091F87E /* ScreenTrackerUITestsLaunchTests.swift in Sources */ = {isa = PBXBuildFile; fileRef = EA0782822978EFE80091F87E /* ScreenTrackerUITestsLaunchTests.swift */; };
		EA84E147298B8586006C5459 /* InforLog.swift in Sources */ = {isa = PBXBuildFile; fileRef = EA84E146298B8586006C5459 /* InforLog.swift */; };
		EABE71F4298075E100C4712A /* FrontMostApplicationDetection.swift in Sources */ = {isa = PBXBuildFile; fileRef = EABE71F3298075E100C4712A /* FrontMostApplicationDetection.swift */; };
		EABE71F62981B19600C4712A /* notifications.swift in Sources */ = {isa = PBXBuildFile; fileRef = EABE71F52981B19600C4712A /* notifications.swift */; };
		EABE71F82981BA8500C4712A /* notificationIcon.png in Resources */ = {isa = PBXBuildFile; fileRef = EABE71F72981BA8500C4712A /* notificationIcon.png */; };
/* End PBXBuildFile section */

/* Begin PBXContainerItemProxy section */
		EA0782732978EFE80091F87E /* PBXContainerItemProxy */ = {
			isa = PBXContainerItemProxy;
			containerPortal = EA0782562978EFE50091F87E /* Project object */;
			proxyType = 1;
			remoteGlobalIDString = EA07825D2978EFE50091F87E;
			remoteInfo = ScreenTracker;
		};
		EA07827D2978EFE80091F87E /* PBXContainerItemProxy */ = {
			isa = PBXContainerItemProxy;
			containerPortal = EA0782562978EFE50091F87E /* Project object */;
			proxyType = 1;
			remoteGlobalIDString = EA07825D2978EFE50091F87E;
			remoteInfo = ScreenTracker;
		};
/* End PBXContainerItemProxy section */

/* Begin PBXFileReference section */
		EA07825E2978EFE50091F87E /* ScreenTracker.app */ = {isa = PBXFileReference; explicitFileType = wrapper.application; includeInIndex = 0; path = ScreenTracker.app; sourceTree = BUILT_PRODUCTS_DIR; };
		EA0782612978EFE50091F87E /* AppDelegate.swift */ = {isa = PBXFileReference; lastKnownFileType = sourcecode.swift; path = AppDelegate.swift; sourceTree = "<group>"; };
		EA0782632978EFE50091F87E /* ViewController.swift */ = {isa = PBXFileReference; lastKnownFileType = sourcecode.swift; path = ViewController.swift; sourceTree = "<group>"; };
		EA0782662978EFE50091F87E /* ScreenTracker.xcdatamodel */ = {isa = PBXFileReference; lastKnownFileType = wrapper.xcdatamodel; path = ScreenTracker.xcdatamodel; sourceTree = "<group>"; };
		EA0782682978EFE80091F87E /* Assets.xcassets */ = {isa = PBXFileReference; lastKnownFileType = folder.assetcatalog; path = Assets.xcassets; sourceTree = "<group>"; };
		EA07826B2978EFE80091F87E /* Base */ = {isa = PBXFileReference; lastKnownFileType = file.storyboard; name = Base; path = Base.lproj/Main.storyboard; sourceTree = "<group>"; };
		EA07826D2978EFE80091F87E /* ScreenTracker.entitlements */ = {isa = PBXFileReference; lastKnownFileType = text.plist.entitlements; path = ScreenTracker.entitlements; sourceTree = "<group>"; };
		EA0782722978EFE80091F87E /* ScreenTrackerTests.xctest */ = {isa = PBXFileReference; explicitFileType = wrapper.cfbundle; includeInIndex = 0; path = ScreenTrackerTests.xctest; sourceTree = BUILT_PRODUCTS_DIR; };
		EA0782762978EFE80091F87E /* ScreenTrackerTests.swift */ = {isa = PBXFileReference; lastKnownFileType = sourcecode.swift; path = ScreenTrackerTests.swift; sourceTree = "<group>"; };
		EA07827C2978EFE80091F87E /* ScreenTrackerUITests.xctest */ = {isa = PBXFileReference; explicitFileType = wrapper.cfbundle; includeInIndex = 0; path = ScreenTrackerUITests.xctest; sourceTree = BUILT_PRODUCTS_DIR; };
		EA0782802978EFE80091F87E /* ScreenTrackerUITests.swift */ = {isa = PBXFileReference; lastKnownFileType = sourcecode.swift; path = ScreenTrackerUITests.swift; sourceTree = "<group>"; };
		EA0782822978EFE80091F87E /* ScreenTrackerUITestsLaunchTests.swift */ = {isa = PBXFileReference; lastKnownFileType = sourcecode.swift; path = ScreenTrackerUITestsLaunchTests.swift; sourceTree = "<group>"; };
		EA84E146298B8586006C5459 /* InforLog.swift */ = {isa = PBXFileReference; lastKnownFileType = sourcecode.swift; path = InforLog.swift; sourceTree = "<group>"; };
		EABE71F22980664F00C4712A /* Info.plist */ = {isa = PBXFileReference; lastKnownFileType = text.plist; path = Info.plist; sourceTree = "<group>"; };
		EABE71F3298075E100C4712A /* FrontMostApplicationDetection.swift */ = {isa = PBXFileReference; lastKnownFileType = sourcecode.swift; path = FrontMostApplicationDetection.swift; sourceTree = "<group>"; };
		EABE71F52981B19600C4712A /* notifications.swift */ = {isa = PBXFileReference; lastKnownFileType = sourcecode.swift; path = notifications.swift; sourceTree = "<group>"; };
		EABE71F72981BA8500C4712A /* notificationIcon.png */ = {isa = PBXFileReference; lastKnownFileType = image.png; path = notificationIcon.png; sourceTree = "<group>"; };
/* End PBXFileReference section */

/* Begin PBXFrameworksBuildPhase section */
		EA07825B2978EFE50091F87E /* Frameworks */ = {
			isa = PBXFrameworksBuildPhase;
			buildActionMask = 2147483647;
			files = (
			);
			runOnlyForDeploymentPostprocessing = 0;
		};
		EA07826F2978EFE80091F87E /* Frameworks */ = {
			isa = PBXFrameworksBuildPhase;
			buildActionMask = 2147483647;
			files = (
			);
			runOnlyForDeploymentPostprocessing = 0;
		};
		EA0782792978EFE80091F87E /* Frameworks */ = {
			isa = PBXFrameworksBuildPhase;
			buildActionMask = 2147483647;
			files = (
			);
			runOnlyForDeploymentPostprocessing = 0;
		};
/* End PBXFrameworksBuildPhase section */

/* Begin PBXGroup section */
		EA0782552978EFE50091F87E = {
			isa = PBXGroup;
			children = (
				EA0782602978EFE50091F87E /* ScreenTracker */,
				EA0782752978EFE80091F87E /* ScreenTrackerTests */,
				EA07827F2978EFE80091F87E /* ScreenTrackerUITests */,
				EA07825F2978EFE50091F87E /* Products */,
			);
			sourceTree = "<group>";
		};
		EA07825F2978EFE50091F87E /* Products */ = {
			isa = PBXGroup;
			children = (
				EA07825E2978EFE50091F87E /* ScreenTracker.app */,
				EA0782722978EFE80091F87E /* ScreenTrackerTests.xctest */,
				EA07827C2978EFE80091F87E /* ScreenTrackerUITests.xctest */,
			);
			name = Products;
			sourceTree = "<group>";
		};
		EA0782602978EFE50091F87E /* ScreenTracker */ = {
			isa = PBXGroup;
			children = (
				EABE71F72981BA8500C4712A /* notificationIcon.png */,
				EABE71F22980664F00C4712A /* Info.plist */,
				EA0782612978EFE50091F87E /* AppDelegate.swift */,
				EA0782632978EFE50091F87E /* ViewController.swift */,
				EA0782682978EFE80091F87E /* Assets.xcassets */,
				EA07826A2978EFE80091F87E /* Main.storyboard */,
				EA07826D2978EFE80091F87E /* ScreenTracker.entitlements */,
				EA0782652978EFE50091F87E /* ScreenTracker.xcdatamodeld */,
				EABE71F3298075E100C4712A /* FrontMostApplicationDetection.swift */,
				EABE71F52981B19600C4712A /* notifications.swift */,
				EA84E146298B8586006C5459 /* InforLog.swift */,
			);
			path = ScreenTracker;
			sourceTree = "<group>";
		};
		EA0782752978EFE80091F87E /* ScreenTrackerTests */ = {
			isa = PBXGroup;
			children = (
				EA0782762978EFE80091F87E /* ScreenTrackerTests.swift */,
			);
			path = ScreenTrackerTests;
			sourceTree = "<group>";
		};
		EA07827F2978EFE80091F87E /* ScreenTrackerUITests */ = {
			isa = PBXGroup;
			children = (
				EA0782802978EFE80091F87E /* ScreenTrackerUITests.swift */,
				EA0782822978EFE80091F87E /* ScreenTrackerUITestsLaunchTests.swift */,
			);
			path = ScreenTrackerUITests;
			sourceTree = "<group>";
		};
/* End PBXGroup section */

/* Begin PBXNativeTarget section */
		EA07825D2978EFE50091F87E /* ScreenTracker */ = {
			isa = PBXNativeTarget;
			buildConfigurationList = EA0782862978EFE80091F87E /* Build configuration list for PBXNativeTarget "ScreenTracker" */;
			buildPhases = (
				EA07825A2978EFE50091F87E /* Sources */,
				EA07825B2978EFE50091F87E /* Frameworks */,
				EA07825C2978EFE50091F87E /* Resources */,
			);
			buildRules = (
			);
			dependencies = (
			);
			name = ScreenTracker;
			productName = ScreenTracker;
			productReference = EA07825E2978EFE50091F87E /* ScreenTracker.app */;
			productType = "com.apple.product-type.application";
		};
		EA0782712978EFE80091F87E /* ScreenTrackerTests */ = {
			isa = PBXNativeTarget;
			buildConfigurationList = EA0782892978EFE80091F87E /* Build configuration list for PBXNativeTarget "ScreenTrackerTests" */;
			buildPhases = (
				EA07826E2978EFE80091F87E /* Sources */,
				EA07826F2978EFE80091F87E /* Frameworks */,
				EA0782702978EFE80091F87E /* Resources */,
			);
			buildRules = (
			);
			dependencies = (
				EA0782742978EFE80091F87E /* PBXTargetDependency */,
			);
			name = ScreenTrackerTests;
			productName = ScreenTrackerTests;
			productReference = EA0782722978EFE80091F87E /* ScreenTrackerTests.xctest */;
			productType = "com.apple.product-type.bundle.unit-test";
		};
		EA07827B2978EFE80091F87E /* ScreenTrackerUITests */ = {
			isa = PBXNativeTarget;
			buildConfigurationList = EA07828C2978EFE80091F87E /* Build configuration list for PBXNativeTarget "ScreenTrackerUITests" */;
			buildPhases = (
				EA0782782978EFE80091F87E /* Sources */,
				EA0782792978EFE80091F87E /* Frameworks */,
				EA07827A2978EFE80091F87E /* Resources */,
			);
			buildRules = (
			);
			dependencies = (
				EA07827E2978EFE80091F87E /* PBXTargetDependency */,
			);
			name = ScreenTrackerUITests;
			productName = ScreenTrackerUITests;
			productReference = EA07827C2978EFE80091F87E /* ScreenTrackerUITests.xctest */;
			productType = "com.apple.product-type.bundle.ui-testing";
		};
/* End PBXNativeTarget section */

/* Begin PBXProject section */
		EA0782562978EFE50091F87E /* Project object */ = {
			isa = PBXProject;
			attributes = {
				BuildIndependentTargetsInParallel = 1;
				LastSwiftUpdateCheck = 1420;
				LastUpgradeCheck = 1420;
				TargetAttributes = {
					EA07825D2978EFE50091F87E = {
						CreatedOnToolsVersion = 14.2;
					};
					EA0782712978EFE80091F87E = {
						CreatedOnToolsVersion = 14.2;
						TestTargetID = EA07825D2978EFE50091F87E;
					};
					EA07827B2978EFE80091F87E = {
						CreatedOnToolsVersion = 14.2;
						TestTargetID = EA07825D2978EFE50091F87E;
					};
				};
			};
			buildConfigurationList = EA0782592978EFE50091F87E /* Build configuration list for PBXProject "ScreenTracker" */;
			compatibilityVersion = "Xcode 14.0";
			developmentRegion = en;
			hasScannedForEncodings = 0;
			knownRegions = (
				en,
				Base,
			);
			mainGroup = EA0782552978EFE50091F87E;
			productRefGroup = EA07825F2978EFE50091F87E /* Products */;
			projectDirPath = "";
			projectRoot = "";
			targets = (
				EA07825D2978EFE50091F87E /* ScreenTracker */,
				EA0782712978EFE80091F87E /* ScreenTrackerTests */,
				EA07827B2978EFE80091F87E /* ScreenTrackerUITests */,
			);
		};
/* End PBXProject section */

/* Begin PBXResourcesBuildPhase section */
		EA07825C2978EFE50091F87E /* Resources */ = {
			isa = PBXResourcesBuildPhase;
			buildActionMask = 2147483647;
			files = (
				EABE71F82981BA8500C4712A /* notificationIcon.png in Resources */,
				EA0782692978EFE80091F87E /* Assets.xcassets in Resources */,
				EA07826C2978EFE80091F87E /* Main.storyboard in Resources */,
			);
			runOnlyForDeploymentPostprocessing = 0;
		};
		EA0782702978EFE80091F87E /* Resources */ = {
			isa = PBXResourcesBuildPhase;
			buildActionMask = 2147483647;
			files = (
			);
			runOnlyForDeploymentPostprocessing = 0;
		};
		EA07827A2978EFE80091F87E /* Resources */ = {
			isa = PBXResourcesBuildPhase;
			buildActionMask = 2147483647;
			files = (
			);
			runOnlyForDeploymentPostprocessing = 0;
		};
/* End PBXResourcesBuildPhase section */

/* Begin PBXSourcesBuildPhase section */
		EA07825A2978EFE50091F87E /* Sources */ = {
			isa = PBXSourcesBuildPhase;
			buildActionMask = 2147483647;
			files = (
				EABE71F62981B19600C4712A /* notifications.swift in Sources */,
				EA84E147298B8586006C5459 /* InforLog.swift in Sources */,
				EA0782672978EFE50091F87E /* ScreenTracker.xcdatamodeld in Sources */,
				EABE71F4298075E100C4712A /* FrontMostApplicationDetection.swift in Sources */,
				EA0782642978EFE50091F87E /* ViewController.swift in Sources */,
				EA0782622978EFE50091F87E /* AppDelegate.swift in Sources */,
			);
			runOnlyForDeploymentPostprocessing = 0;
		};
		EA07826E2978EFE80091F87E /* Sources */ = {
			isa = PBXSourcesBuildPhase;
			buildActionMask = 2147483647;
			files = (
				EA0782772978EFE80091F87E /* ScreenTrackerTests.swift in Sources */,
			);
			runOnlyForDeploymentPostprocessing = 0;
		};
		EA0782782978EFE80091F87E /* Sources */ = {
			isa = PBXSourcesBuildPhase;
			buildActionMask = 2147483647;
			files = (
				EA0782812978EFE80091F87E /* ScreenTrackerUITests.swift in Sources */,
				EA0782832978EFE80091F87E /* ScreenTrackerUITestsLaunchTests.swift in Sources */,
			);
			runOnlyForDeploymentPostprocessing = 0;
		};
/* End PBXSourcesBuildPhase section */

/* Begin PBXTargetDependency section */
		EA0782742978EFE80091F87E /* PBXTargetDependency */ = {
			isa = PBXTargetDependency;
			target = EA07825D2978EFE50091F87E /* ScreenTracker */;
			targetProxy = EA0782732978EFE80091F87E /* PBXContainerItemProxy */;
		};
		EA07827E2978EFE80091F87E /* PBXTargetDependency */ = {
			isa = PBXTargetDependency;
			target = EA07825D2978EFE50091F87E /* ScreenTracker */;
			targetProxy = EA07827D2978EFE80091F87E /* PBXContainerItemProxy */;
		};
/* End PBXTargetDependency section */

/* Begin PBXVariantGroup section */
		EA07826A2978EFE80091F87E /* Main.storyboard */ = {
			isa = PBXVariantGroup;
			children = (
				EA07826B2978EFE80091F87E /* Base */,
			);
			name = Main.storyboard;
			sourceTree = "<group>";
		};
/* End PBXVariantGroup section */

/* Begin XCBuildConfiguration section */
		EA0782842978EFE80091F87E /* Debug */ = {
			isa = XCBuildConfiguration;
			buildSettings = {
				ALWAYS_SEARCH_USER_PATHS = NO;
				CLANG_ANALYZER_NONNULL = YES;
				CLANG_ANALYZER_NUMBER_OBJECT_CONVERSION = YES_AGGRESSIVE;
				CLANG_CXX_LANGUAGE_STANDARD = "gnu++20";
				CLANG_ENABLE_MODULES = YES;
				CLANG_ENABLE_OBJC_ARC = YES;
				CLANG_ENABLE_OBJC_WEAK = YES;
				CLANG_WARN_BLOCK_CAPTURE_AUTORELEASING = YES;
				CLANG_WARN_BOOL_CONVERSION = YES;
				CLANG_WARN_COMMA = YES;
				CLANG_WARN_CONSTANT_CONVERSION = YES;
				CLANG_WARN_DEPRECATED_OBJC_IMPLEMENTATIONS = YES;
				CLANG_WARN_DIRECT_OBJC_ISA_USAGE = YES_ERROR;
				CLANG_WARN_DOCUMENTATION_COMMENTS = YES;
				CLANG_WARN_EMPTY_BODY = YES;
				CLANG_WARN_ENUM_CONVERSION = YES;
				CLANG_WARN_INFINITE_RECURSION = YES;
				CLANG_WARN_INT_CONVERSION = YES;
				CLANG_WARN_NON_LITERAL_NULL_CONVERSION = YES;
				CLANG_WARN_OBJC_IMPLICIT_RETAIN_SELF = YES;
				CLANG_WARN_OBJC_LITERAL_CONVERSION = YES;
				CLANG_WARN_OBJC_ROOT_CLASS = YES_ERROR;
				CLANG_WARN_QUOTED_INCLUDE_IN_FRAMEWORK_HEADER = YES;
				CLANG_WARN_RANGE_LOOP_ANALYSIS = YES;
				CLANG_WARN_STRICT_PROTOTYPES = YES;
				CLANG_WARN_SUSPICIOUS_MOVE = YES;
				CLANG_WARN_UNGUARDED_AVAILABILITY = YES_AGGRESSIVE;
				CLANG_WARN_UNREACHABLE_CODE = YES;
				CLANG_WARN__DUPLICATE_METHOD_MATCH = YES;
				COPY_PHASE_STRIP = NO;
				DEBUG_INFORMATION_FORMAT = dwarf;
				ENABLE_STRICT_OBJC_MSGSEND = YES;
				ENABLE_TESTABILITY = YES;
				GCC_C_LANGUAGE_STANDARD = gnu11;
				GCC_DYNAMIC_NO_PIC = NO;
				GCC_NO_COMMON_BLOCKS = YES;
				GCC_OPTIMIZATION_LEVEL = 0;
				GCC_PREPROCESSOR_DEFINITIONS = (
					"DEBUG=1",
					"$(inherited)",
				);
				GCC_WARN_64_TO_32_BIT_CONVERSION = YES;
				GCC_WARN_ABOUT_RETURN_TYPE = YES_ERROR;
				GCC_WARN_UNDECLARED_SELECTOR = YES;
				GCC_WARN_UNINITIALIZED_AUTOS = YES_AGGRESSIVE;
				GCC_WARN_UNUSED_FUNCTION = YES;
				GCC_WARN_UNUSED_VARIABLE = YES;
				MACOSX_DEPLOYMENT_TARGET = 12.6;
				MTL_ENABLE_DEBUG_INFO = INCLUDE_SOURCE;
				MTL_FAST_MATH = YES;
				ONLY_ACTIVE_ARCH = YES;
				SDKROOT = macosx;
				SWIFT_ACTIVE_COMPILATION_CONDITIONS = DEBUG;
				SWIFT_OPTIMIZATION_LEVEL = "-Onone";
			};
			name = Debug;
		};
		EA0782852978EFE80091F87E /* Release */ = {
			isa = XCBuildConfiguration;
			buildSettings = {
				ALWAYS_SEARCH_USER_PATHS = NO;
				CLANG_ANALYZER_NONNULL = YES;
				CLANG_ANALYZER_NUMBER_OBJECT_CONVERSION = YES_AGGRESSIVE;
				CLANG_CXX_LANGUAGE_STANDARD = "gnu++20";
				CLANG_ENABLE_MODULES = YES;
				CLANG_ENABLE_OBJC_ARC = YES;
				CLANG_ENABLE_OBJC_WEAK = YES;
				CLANG_WARN_BLOCK_CAPTURE_AUTORELEASING = YES;
				CLANG_WARN_BOOL_CONVERSION = YES;
				CLANG_WARN_COMMA = YES;
				CLANG_WARN_CONSTANT_CONVERSION = YES;
				CLANG_WARN_DEPRECATED_OBJC_IMPLEMENTATIONS = YES;
				CLANG_WARN_DIRECT_OBJC_ISA_USAGE = YES_ERROR;
				CLANG_WARN_DOCUMENTATION_COMMENTS = YES;
				CLANG_WARN_EMPTY_BODY = YES;
				CLANG_WARN_ENUM_CONVERSION = YES;
				CLANG_WARN_INFINITE_RECURSION = YES;
				CLANG_WARN_INT_CONVERSION = YES;
				CLANG_WARN_NON_LITERAL_NULL_CONVERSION = YES;
				CLANG_WARN_OBJC_IMPLICIT_RETAIN_SELF = YES;
				CLANG_WARN_OBJC_LITERAL_CONVERSION = YES;
				CLANG_WARN_OBJC_ROOT_CLASS = YES_ERROR;
				CLANG_WARN_QUOTED_INCLUDE_IN_FRAMEWORK_HEADER = YES;
				CLANG_WARN_RANGE_LOOP_ANALYSIS = YES;
				CLANG_WARN_STRICT_PROTOTYPES = YES;
				CLANG_WARN_SUSPICIOUS_MOVE = YES;
				CLANG_WARN_UNGUARDED_AVAILABILITY = YES_AGGRESSIVE;
				CLANG_WARN_UNREACHABLE_CODE = YES;
				CLANG_WARN__DUPLICATE_METHOD_MATCH = YES;
				COPY_PHASE_STRIP = NO;
				DEBUG_INFORMATION_FORMAT = "dwarf-with-dsym";
				ENABLE_NS_ASSERTIONS = NO;
				ENABLE_STRICT_OBJC_MSGSEND = YES;
				GCC_C_LANGUAGE_STANDARD = gnu11;
				GCC_NO_COMMON_BLOCKS = YES;
				GCC_WARN_64_TO_32_BIT_CONVERSION = YES;
				GCC_WARN_ABOUT_RETURN_TYPE = YES_ERROR;
				GCC_WARN_UNDECLARED_SELECTOR = YES;
				GCC_WARN_UNINITIALIZED_AUTOS = YES_AGGRESSIVE;
				GCC_WARN_UNUSED_FUNCTION = YES;
				GCC_WARN_UNUSED_VARIABLE = YES;
				MACOSX_DEPLOYMENT_TARGET = 12.6;
				MTL_ENABLE_DEBUG_INFO = NO;
				MTL_FAST_MATH = YES;
				SDKROOT = macosx;
				SWIFT_COMPILATION_MODE = wholemodule;
				SWIFT_OPTIMIZATION_LEVEL = "-O";
			};
			name = Release;
		};
		EA0782872978EFE80091F87E /* Debug */ = {
			isa = XCBuildConfiguration;
			buildSettings = {
				ASSETCATALOG_COMPILER_APPICON_NAME = AppIcon;
				ASSETCATALOG_COMPILER_GLOBAL_ACCENT_COLOR_NAME = AccentColor;
				CODE_SIGN_ENTITLEMENTS = ScreenTracker/ScreenTracker.entitlements;
				CODE_SIGN_STYLE = Automatic;
				COMBINE_HIDPI_IMAGES = YES;
				CURRENT_PROJECT_VERSION = 1;
				GENERATE_INFOPLIST_FILE = YES;
				INFOPLIST_FILE = ScreenTracker/Info.plist;
				INFOPLIST_KEY_NSHumanReadableCopyright = "";
				INFOPLIST_KEY_NSMainStoryboardFile = Main;
				INFOPLIST_KEY_NSPrincipalClass = NSApplication;
				LD_RUNPATH_SEARCH_PATHS = (
					"$(inherited)",
					"@executable_path/../Frameworks",
				);
				MARKETING_VERSION = 1.0;
				PRODUCT_BUNDLE_IDENTIFIER = "Donghan-Hu.ScreenTracker";
				PRODUCT_NAME = "$(TARGET_NAME)";
				SWIFT_EMIT_LOC_STRINGS = YES;
				SWIFT_VERSION = 5.0;
			};
			name = Debug;
		};
		EA0782882978EFE80091F87E /* Release */ = {
			isa = XCBuildConfiguration;
			buildSettings = {
				ASSETCATALOG_COMPILER_APPICON_NAME = AppIcon;
				ASSETCATALOG_COMPILER_GLOBAL_ACCENT_COLOR_NAME = AccentColor;
				CODE_SIGN_ENTITLEMENTS = ScreenTracker/ScreenTracker.entitlements;
				CODE_SIGN_STYLE = Automatic;
				COMBINE_HIDPI_IMAGES = YES;
				CURRENT_PROJECT_VERSION = 1;
				GENERATE_INFOPLIST_FILE = YES;
				INFOPLIST_FILE = ScreenTracker/Info.plist;
				INFOPLIST_KEY_NSHumanReadableCopyright = "";
				INFOPLIST_KEY_NSMainStoryboardFile = Main;
				INFOPLIST_KEY_NSPrincipalClass = NSApplication;
				LD_RUNPATH_SEARCH_PATHS = (
					"$(inherited)",
					"@executable_path/../Frameworks",
				);
				MARKETING_VERSION = 1.0;
				PRODUCT_BUNDLE_IDENTIFIER = "Donghan-Hu.ScreenTracker";
				PRODUCT_NAME = "$(TARGET_NAME)";
				SWIFT_EMIT_LOC_STRINGS = YES;
				SWIFT_VERSION = 5.0;
			};
			name = Release;
		};
		EA07828A2978EFE80091F87E /* Debug */ = {
			isa = XCBuildConfiguration;
			buildSettings = {
				ALWAYS_EMBED_SWIFT_STANDARD_LIBRARIES = YES;
				BUNDLE_LOADER = "$(TEST_HOST)";
				CODE_SIGN_STYLE = Automatic;
				CURRENT_PROJECT_VERSION = 1;
				GENERATE_INFOPLIST_FILE = YES;
				MACOSX_DEPLOYMENT_TARGET = 12.6;
				MARKETING_VERSION = 1.0;
				PRODUCT_BUNDLE_IDENTIFIER = "Donghan-Hu.ScreenTrackerTests";
				PRODUCT_NAME = "$(TARGET_NAME)";
				SWIFT_EMIT_LOC_STRINGS = NO;
				SWIFT_VERSION = 5.0;
				TEST_HOST = "$(BUILT_PRODUCTS_DIR)/ScreenTracker.app/$(BUNDLE_EXECUTABLE_FOLDER_PATH)/ScreenTracker";
			};
			name = Debug;
		};
		EA07828B2978EFE80091F87E /* Release */ = {
			isa = XCBuildConfiguration;
			buildSettings = {
				ALWAYS_EMBED_SWIFT_STANDARD_LIBRARIES = YES;
				BUNDLE_LOADER = "$(TEST_HOST)";
				CODE_SIGN_STYLE = Automatic;
				CURRENT_PROJECT_VERSION = 1;
				GENERATE_INFOPLIST_FILE = YES;
				MACOSX_DEPLOYMENT_TARGET = 12.6;
				MARKETING_VERSION = 1.0;
				PRODUCT_BUNDLE_IDENTIFIER = "Donghan-Hu.ScreenTrackerTests";
				PRODUCT_NAME = "$(TARGET_NAME)";
				SWIFT_EMIT_LOC_STRINGS = NO;
				SWIFT_VERSION = 5.0;
				TEST_HOST = "$(BUILT_PRODUCTS_DIR)/ScreenTracker.app/$(BUNDLE_EXECUTABLE_FOLDER_PATH)/ScreenTracker";
			};
			name = Release;
		};
		EA07828D2978EFE80091F87E /* Debug */ = {
			isa = XCBuildConfiguration;
			buildSettings = {
				ALWAYS_EMBED_SWIFT_STANDARD_LIBRARIES = YES;
				CODE_SIGN_STYLE = Automatic;
				CURRENT_PROJECT_VERSION = 1;
				GENERATE_INFOPLIST_FILE = YES;
				MARKETING_VERSION = 1.0;
				PRODUCT_BUNDLE_IDENTIFIER = "Donghan-Hu.ScreenTrackerUITests";
				PRODUCT_NAME = "$(TARGET_NAME)";
				SWIFT_EMIT_LOC_STRINGS = NO;
				SWIFT_VERSION = 5.0;
				TEST_TARGET_NAME = ScreenTracker;
			};
			name = Debug;
		};
		EA07828E2978EFE80091F87E /* Release */ = {
			isa = XCBuildConfiguration;
			buildSettings = {
				ALWAYS_EMBED_SWIFT_STANDARD_LIBRARIES = YES;
				CODE_SIGN_STYLE = Automatic;
				CURRENT_PROJECT_VERSION = 1;
				GENERATE_INFOPLIST_FILE = YES;
				MARKETING_VERSION = 1.0;
				PRODUCT_BUNDLE_IDENTIFIER = "Donghan-Hu.ScreenTrackerUITests";
				PRODUCT_NAME = "$(TARGET_NAME)";
				SWIFT_EMIT_LOC_STRINGS = NO;
				SWIFT_VERSION = 5.0;
				TEST_TARGET_NAME = ScreenTracker;
			};
			name = Release;
		};
/* End XCBuildConfiguration section */

/* Begin XCConfigurationList section */
		EA0782592978EFE50091F87E /* Build configuration list for PBXProject "ScreenTracker" */ = {
			isa = XCConfigurationList;
			buildConfigurations = (
				EA0782842978EFE80091F87E /* Debug */,
				EA0782852978EFE80091F87E /* Release */,
			);
			defaultConfigurationIsVisible = 0;
			defaultConfigurationName = Release;
		};
		EA0782862978EFE80091F87E /* Build configuration list for PBXNativeTarget "ScreenTracker" */ = {
			isa = XCConfigurationList;
			buildConfigurations = (
				EA0782872978EFE80091F87E /* Debug */,
				EA0782882978EFE80091F87E /* Release */,
			);
			defaultConfigurationIsVisible = 0;
			defaultConfigurationName = Release;
		};
		EA0782892978EFE80091F87E /* Build configuration list for PBXNativeTarget "ScreenTrackerTests" */ = {
			isa = XCConfigurationList;
			buildConfigurations = (
				EA07828A2978EFE80091F87E /* Debug */,
				EA07828B2978EFE80091F87E /* Release */,
			);
			defaultConfigurationIsVisible = 0;
			defaultConfigurationName = Release;
		};
		EA07828C2978EFE80091F87E /* Build configuration list for PBXNativeTarget "ScreenTrackerUITests" */ = {
			isa = XCConfigurationList;
			buildConfigurations = (
				EA07828D2978EFE80091F87E /* Debug */,
				EA07828E2978EFE80091F87E /* Release */,
			);
			defaultConfigurationIsVisible = 0;
			defaultConfigurationName = Release;
		};
/* End XCConfigurationList section */

/* Begin XCVersionGroup section */
		EA0782652978EFE50091F87E /* ScreenTracker.xcdatamodeld */ = {
			isa = XCVersionGroup;
			children = (
				EA0782662978EFE50091F87E /* ScreenTracker.xcdatamodel */,
			);
			currentVersion = EA0782662978EFE50091F87E /* ScreenTracker.xcdatamodel */;
			path = ScreenTracker.xcdatamodeld;
			sourceTree = "<group>";
			versionGroupType = wrapper.xcdatamodel;
		};
/* End XCVersionGroup section */
	};
	rootObject = EA0782562978EFE50091F87E /* Project object */;
}
